
Microsoft Visual Studio Solution File, Format Version 12.00
# Visual Studio 15
Project("{FAE04EC0-301F-11D3-BF4B-00C04F79EFBC}") = "BuilderPattern", "BuilderPattern\BuilderPattern.csproj", "{A9A2DA07-7746-4EF4-90DC-80547559FF41}"
EndProject
Global
	GlobalSection(SolutionConfigurationPlatforms) = preSolution
		Debug|anycpu = Debug|anycpu
		Release|anycpu = Release|anycpu
	EndGlobalSection
	GlobalSection(ProjectConfigurationPlatforms) = postSolution
		{A9A2DA07-7746-4EF4-90DC-80547559FF41}.Debug|anycpu.ActiveCfg = Debug|anycpu
		{A9A2DA07-7746-4EF4-90DC-80547559FF41}.Debug|anycpu.Build.0 = Debug|anycpu
		{A9A2DA07-7746-4EF4-90DC-80547559FF41}.Release|anycpu.ActiveCfg = Release|anycpu
		{A9A2DA07-7746-4EF4-90DC-80547559FF41}.Release|anycpu.Build.0 = Release|anycpu
	EndGlobalSection
EndGlobal
