
Microsoft Visual Studio Solution File, Format Version 12.00
# Visual Studio 15
Project("{FAE04EC0-301F-11D3-BF4B-00C04F79EFBC}") = "AbstractFactoryMethod", "AbstractFactoryMethod\AbstractFactoryMethod.csproj", "{99E3486D-37A5-4A27-96D8-803D683988B6}"
EndProject
Global
	GlobalSection(SolutionConfigurationPlatforms) = preSolution
		Debug|anycpu = Debug|anycpu
		Release|anycpu = Release|anycpu
	EndGlobalSection
	GlobalSection(ProjectConfigurationPlatforms) = postSolution
		{99E3486D-37A5-4A27-96D8-803D683988B6}.Debug|anycpu.ActiveCfg = Debug|anycpu
		{99E3486D-37A5-4A27-96D8-803D683988B6}.Debug|anycpu.Build.0 = Debug|anycpu
		{99E3486D-37A5-4A27-96D8-803D683988B6}.Release|anycpu.ActiveCfg = Release|anycpu
		{99E3486D-37A5-4A27-96D8-803D683988B6}.Release|anycpu.Build.0 = Release|anycpu
	EndGlobalSection
EndGlobal
